
Microsoft Visual Studio Solution File, Format Version 12.00
# Visual Studio Version 17
VisualStudioVersion = 17.2.32519.379
MinimumVisualStudioVersion = 10.0.40219.1
Project("{FAE04EC0-301F-11D3-BF4B-00C04F79EFBC}") = "Proekt_IT", "Proekt_IT\Proekt_IT.csproj", "{5FB22118-3026-4150-A679-2385D3E688DE}"
EndProject
Global
	GlobalSection(SolutionConfigurationPlatforms) = preSolution
		Debug|Any CPU = Debug|Any CPU
		Release|Any CPU = Release|Any CPU
	EndGlobalSection
	GlobalSection(ProjectConfigurationPlatforms) = postSolution
		{5FB22118-3026-4150-A679-2385D3E688DE}.Debug|Any CPU.ActiveCfg = Debug|Any CPU
		{5FB22118-3026-4150-A679-2385D3E688DE}.Debug|Any CPU.Build.0 = Debug|Any CPU
		{5FB22118-3026-4150-A679-2385D3E688DE}.Release|Any CPU.ActiveCfg = Release|Any CPU
		{5FB22118-3026-4150-A679-2385D3E688DE}.Release|Any CPU.Build.0 = Release|Any CPU
	EndGlobalSection
	GlobalSection(SolutionProperties) = preSolution
		HideSolutionNode = FALSE
	EndGlobalSection
	GlobalSection(ExtensibilityGlobals) = postSolution
		SolutionGuid = {020F860C-99F1-43F4-B8BE-1320B6A752E0}
	EndGlobalSection
EndGlobal
